// !$*UTF8*$!
{
	archiveVersion = 1;
	classes = {
	};
	objectVersion = 46;
	objects = {

/* Begin PBXBuildFile section */
		2087EA0B1C87796400581C6D /* Paddle.swift in Sources */ = {isa = PBXBuildFile; fileRef = 2087EA0A1C87796400581C6D /* Paddle.swift */; };
		20C6A76E1C8FC519001C70BC /* Assets.xcassets in Resources */ = {isa = PBXBuildFile; fileRef = 20C6A76D1C8FC519001C70BC /* Assets.xcassets */; };
		20C6A7721C8FCB12001C70BC /* Brick.swift in Sources */ = {isa = PBXBuildFile; fileRef = 20C6A7711C8FCB12001C70BC /* Brick.swift */; };
		20CDBF581C609510003DC102 /* AppDelegate.swift in Sources */ = {isa = PBXBuildFile; fileRef = 20CDBF571C609510003DC102 /* AppDelegate.swift */; };
		20CDBF5D1C609510003DC102 /* Main.storyboard in Resources */ = {isa = PBXBuildFile; fileRef = 20CDBF5B1C609510003DC102 /* Main.storyboard */; };
		20CDBF621C609510003DC102 /* LaunchScreen.storyboard in Resources */ = {isa = PBXBuildFile; fileRef = 20CDBF601C609510003DC102 /* LaunchScreen.storyboard */; };
		20CDBF6A1C60952A003DC102 /* BreakoutViewController.swift in Sources */ = {isa = PBXBuildFile; fileRef = 20CDBF691C60952A003DC102 /* BreakoutViewController.swift */; };
		20F2914B1C7417CF009882E9 /* BreakoutBehavior.swift in Sources */ = {isa = PBXBuildFile; fileRef = 20F2914A1C7417CF009882E9 /* BreakoutBehavior.swift */; };
		20F2914D1C742404009882E9 /* Ball.swift in Sources */ = {isa = PBXBuildFile; fileRef = 20F2914C1C742404009882E9 /* Ball.swift */; };
/* End PBXBuildFile section */

/* Begin PBXFileReference section */
		2087EA0A1C87796400581C6D /* Paddle.swift */ = {isa = PBXFileReference; fileEncoding = 4; lastKnownFileType = sourcecode.swift; path = Paddle.swift; sourceTree = "<group>"; };
		20B3857A1C84BE27005B44C9 /* UIDynamicAnimatorBridgingHeader.h */ = {isa = PBXFileReference; lastKnownFileType = sourcecode.c.h; path = UIDynamicAnimatorBridgingHeader.h; sourceTree = "<group>"; };
		20C6A76D1C8FC519001C70BC /* Assets.xcassets */ = {isa = PBXFileReference; lastKnownFileType = folder.assetcatalog; path = Assets.xcassets; sourceTree = "<group>"; };
		20C6A7711C8FCB12001C70BC /* Brick.swift */ = {isa = PBXFileReference; fileEncoding = 4; lastKnownFileType = sourcecode.swift; path = Brick.swift; sourceTree = "<group>"; };
		20CDBF541C609510003DC102 /* Animation.app */ = {isa = PBXFileReference; explicitFileType = wrapper.application; includeInIndex = 0; path = Animation.app; sourceTree = BUILT_PRODUCTS_DIR; };
		20CDBF571C609510003DC102 /* AppDelegate.swift */ = {isa = PBXFileReference; lastKnownFileType = sourcecode.swift; path = AppDelegate.swift; sourceTree = "<group>"; };
		20CDBF5C1C609510003DC102 /* Base */ = {isa = PBXFileReference; lastKnownFileType = file.storyboard; name = Base; path = Base.lproj/Main.storyboard; sourceTree = "<group>"; };
		20CDBF611C609510003DC102 /* Base */ = {isa = PBXFileReference; lastKnownFileType = file.storyboard; name = Base; path = Base.lproj/LaunchScreen.storyboard; sourceTree = "<group>"; };
		20CDBF631C609510003DC102 /* Info.plist */ = {isa = PBXFileReference; lastKnownFileType = text.plist.xml; path = Info.plist; sourceTree = "<group>"; };
		20CDBF691C60952A003DC102 /* BreakoutViewController.swift */ = {isa = PBXFileReference; fileEncoding = 4; lastKnownFileType = sourcecode.swift; path = BreakoutViewController.swift; sourceTree = "<group>"; };
		20F2914A1C7417CF009882E9 /* BreakoutBehavior.swift */ = {isa = PBXFileReference; fileEncoding = 4; lastKnownFileType = sourcecode.swift; path = BreakoutBehavior.swift; sourceTree = "<group>"; };
		20F2914C1C742404009882E9 /* Ball.swift */ = {isa = PBXFileReference; fileEncoding = 4; lastKnownFileType = sourcecode.swift; path = Ball.swift; sourceTree = "<group>"; };
/* End PBXFileReference section */

/* Begin PBXFrameworksBuildPhase section */
		20CDBF511C609510003DC102 /* Frameworks */ = {
			isa = PBXFrameworksBuildPhase;
			buildActionMask = 2147483647;
			files = (
			);
			runOnlyForDeploymentPostprocessing = 0;
		};
/* End PBXFrameworksBuildPhase section */

/* Begin PBXGroup section */
		20CDBF4B1C609510003DC102 = {
			isa = PBXGroup;
			children = (
				20CDBF561C609510003DC102 /* Animation */,
				20CDBF551C609510003DC102 /* Products */,
			);
			sourceTree = "<group>";
		};
		20CDBF551C609510003DC102 /* Products */ = {
			isa = PBXGroup;
			children = (
				20CDBF541C609510003DC102 /* Animation.app */,
			);
			name = Products;
			sourceTree = "<group>";
		};
		20CDBF561C609510003DC102 /* Animation */ = {
			isa = PBXGroup;
			children = (
				20CDBF571C609510003DC102 /* AppDelegate.swift */,
				20CDBF691C60952A003DC102 /* BreakoutViewController.swift */,
				20F2914A1C7417CF009882E9 /* BreakoutBehavior.swift */,
				20F2914C1C742404009882E9 /* Ball.swift */,
				20C6A7711C8FCB12001C70BC /* Brick.swift */,
				2087EA0A1C87796400581C6D /* Paddle.swift */,
				20CDBF5B1C609510003DC102 /* Main.storyboard */,
				20C6A76D1C8FC519001C70BC /* Assets.xcassets */,
				20B3857A1C84BE27005B44C9 /* UIDynamicAnimatorBridgingHeader.h */,
				20CDBF601C609510003DC102 /* LaunchScreen.storyboard */,
				20CDBF631C609510003DC102 /* Info.plist */,
			);
			path = Animation;
			sourceTree = "<group>";
		};
/* End PBXGroup section */

/* Begin PBXNativeTarget section */
		20CDBF531C609510003DC102 /* Animation */ = {
			isa = PBXNativeTarget;
			buildConfigurationList = 20CDBF661C609510003DC102 /* Build configuration list for PBXNativeTarget "Animation" */;
			buildPhases = (
				20CDBF501C609510003DC102 /* Sources */,
				20CDBF511C609510003DC102 /* Frameworks */,
				20CDBF521C609510003DC102 /* Resources */,
			);
			buildRules = (
			);
			dependencies = (
			);
			name = Animation;
			productName = Animation;
			productReference = 20CDBF541C609510003DC102 /* Animation.app */;
			productType = "com.apple.product-type.application";
		};
/* End PBXNativeTarget section */

/* Begin PBXProject section */
		20CDBF4C1C609510003DC102 /* Project object */ = {
			isa = PBXProject;
			attributes = {
				LastSwiftUpdateCheck = 0720;
				LastUpgradeCheck = 0720;
				ORGANIZATIONNAME = "Object Coder";
				TargetAttributes = {
					20CDBF531C609510003DC102 = {
						CreatedOnToolsVersion = 7.2;
					};
				};
			};
			buildConfigurationList = 20CDBF4F1C609510003DC102 /* Build configuration list for PBXProject "Animation" */;
			compatibilityVersion = "Xcode 3.2";
			developmentRegion = English;
			hasScannedForEncodings = 0;
			knownRegions = (
				en,
				Base,
			);
			mainGroup = 20CDBF4B1C609510003DC102;
			productRefGroup = 20CDBF551C609510003DC102 /* Products */;
			projectDirPath = "";
			projectRoot = "";
			targets = (
				20CDBF531C609510003DC102 /* Animation */,
			);
		};
/* End PBXProject section */

/* Begin PBXResourcesBuildPhase section */
		20CDBF521C609510003DC102 /* Resources */ = {
			isa = PBXResourcesBuildPhase;
			buildActionMask = 2147483647;
			files = (
				20CDBF621C609510003DC102 /* LaunchScreen.storyboard in Resources */,
				20C6A76E1C8FC519001C70BC /* Assets.xcassets in Resources */,
				20CDBF5D1C609510003DC102 /* Main.storyboard in Resources */,
			);
			runOnlyForDeploymentPostprocessing = 0;
		};
/* End PBXResourcesBuildPhase section */

/* Begin PBXSourcesBuildPhase section */
		20CDBF501C609510003DC102 /* Sources */ = {
			isa = PBXSourcesBuildPhase;
			buildActionMask = 2147483647;
			files = (
				20F2914B1C7417CF009882E9 /* BreakoutBehavior.swift in Sources */,
				20CDBF581C609510003DC102 /* AppDelegate.swift in Sources */,
				2087EA0B1C87796400581C6D /* Paddle.swift in Sources */,
				20CDBF6A1C60952A003DC102 /* BreakoutViewController.swift in Sources */,
				20F2914D1C742404009882E9 /* Ball.swift in Sources */,
				20C6A7721C8FCB12001C70BC /* Brick.swift in Sources */,
			);
			runOnlyForDeploymentPostprocessing = 0;
		};
/* End PBXSourcesBuildPhase section */

/* Begin PBXVariantGroup section */
		20CDBF5B1C609510003DC102 /* Main.storyboard */ = {
			isa = PBXVariantGroup;
			children = (
				20CDBF5C1C609510003DC102 /* Base */,
			);
			name = Main.storyboard;
			sourceTree = "<group>";
		};
		20CDBF601C609510003DC102 /* LaunchScreen.storyboard */ = {
			isa = PBXVariantGroup;
			children = (
				20CDBF611C609510003DC102 /* Base */,
			);
			name = LaunchScreen.storyboard;
			sourceTree = "<group>";
		};
/* End PBXVariantGroup section */

/* Begin XCBuildConfiguration section */
		20CDBF641C609510003DC102 /* Debug */ = {
			isa = XCBuildConfiguration;
			buildSettings = {
				ALWAYS_SEARCH_USER_PATHS = NO;
				CLANG_CXX_LANGUAGE_STANDARD = "gnu++0x";
				CLANG_CXX_LIBRARY = "libc++";
				CLANG_ENABLE_MODULES = YES;
				CLANG_ENABLE_OBJC_ARC = YES;
				CLANG_WARN_BOOL_CONVERSION = YES;
				CLANG_WARN_CONSTANT_CONVERSION = YES;
				CLANG_WARN_DIRECT_OBJC_ISA_USAGE = YES_ERROR;
				CLANG_WARN_EMPTY_BODY = YES;
				CLANG_WARN_ENUM_CONVERSION = YES;
				CLANG_WARN_INT_CONVERSION = YES;
				CLANG_WARN_OBJC_ROOT_CLASS = YES_ERROR;
				CLANG_WARN_UNREACHABLE_CODE = YES;
				CLANG_WARN__DUPLICATE_METHOD_MATCH = YES;
				"CODE_SIGN_IDENTITY[sdk=iphoneos*]" = "iPhone Developer";
				COPY_PHASE_STRIP = NO;
				DEBUG_INFORMATION_FORMAT = dwarf;
				ENABLE_STRICT_OBJC_MSGSEND = YES;
				ENABLE_TESTABILITY = YES;
				GCC_C_LANGUAGE_STANDARD = gnu99;
				GCC_DYNAMIC_NO_PIC = NO;
				GCC_NO_COMMON_BLOCKS = YES;
				GCC_OPTIMIZATION_LEVEL = 0;
				GCC_PREPROCESSOR_DEFINITIONS = (
					"DEBUG=1",
					"$(inherited)",
				);
				GCC_WARN_64_TO_32_BIT_CONVERSION = YES;
				GCC_WARN_ABOUT_RETURN_TYPE = YES_ERROR;
				GCC_WARN_UNDECLARED_SELECTOR = YES;
				GCC_WARN_UNINITIALIZED_AUTOS = YES_AGGRESSIVE;
				GCC_WARN_UNUSED_FUNCTION = YES;
				GCC_WARN_UNUSED_VARIABLE = YES;
				IPHONEOS_DEPLOYMENT_TARGET = 9.2;
				MTL_ENABLE_DEBUG_INFO = YES;
				ONLY_ACTIVE_ARCH = YES;
				SDKROOT = iphoneos;
				SWIFT_OPTIMIZATION_LEVEL = "-Onone";
				TARGETED_DEVICE_FAMILY = "1,2";
			};
			name = Debug;
		};
		20CDBF651C609510003DC102 /* Release */ = {
			isa = XCBuildConfiguration;
			buildSettings = {
				ALWAYS_SEARCH_USER_PATHS = NO;
				CLANG_CXX_LANGUAGE_STANDARD = "gnu++0x";
				CLANG_CXX_LIBRARY = "libc++";
				CLANG_ENABLE_MODULES = YES;
				CLANG_ENABLE_OBJC_ARC = YES;
				CLANG_WARN_BOOL_CONVERSION = YES;
				CLANG_WARN_CONSTANT_CONVERSION = YES;
				CLANG_WARN_DIRECT_OBJC_ISA_USAGE = YES_ERROR;
				CLANG_WARN_EMPTY_BODY = YES;
				CLANG_WARN_ENUM_CONVERSION = YES;
				CLANG_WARN_INT_CONVERSION = YES;
				CLANG_WARN_OBJC_ROOT_CLASS = YES_ERROR;
				CLANG_WARN_UNREACHABLE_CODE = YES;
				CLANG_WARN__DUPLICATE_METHOD_MATCH = YES;
				"CODE_SIGN_IDENTITY[sdk=iphoneos*]" = "iPhone Developer";
				COPY_PHASE_STRIP = NO;
				DEBUG_INFORMATION_FORMAT = "dwarf-with-dsym";
				ENABLE_NS_ASSERTIONS = NO;
				ENABLE_STRICT_OBJC_MSGSEND = YES;
				GCC_C_LANGUAGE_STANDARD = gnu99;
				GCC_NO_COMMON_BLOCKS = YES;
				GCC_WARN_64_TO_32_BIT_CONVERSION = YES;
				GCC_WARN_ABOUT_RETURN_TYPE = YES_ERROR;
				GCC_WARN_UNDECLARED_SELECTOR = YES;
				GCC_WARN_UNINITIALIZED_AUTOS = YES_AGGRESSIVE;
				GCC_WARN_UNUSED_FUNCTION = YES;
				GCC_WARN_UNUSED_VARIABLE = YES;
				IPHONEOS_DEPLOYMENT_TARGET = 9.2;
				MTL_ENABLE_DEBUG_INFO = NO;
				SDKROOT = iphoneos;
				TARGETED_DEVICE_FAMILY = "1,2";
				VALIDATE_PRODUCT = YES;
			};
			name = Release;
		};
		20CDBF671C609510003DC102 /* Debug */ = {
			isa = XCBuildConfiguration;
			buildSettings = {
				ASSETCATALOG_COMPILER_APPICON_NAME = AppIcon;
				INFOPLIST_FILE = Animation/Info.plist;
				LD_RUNPATH_SEARCH_PATHS = "$(inherited) @executable_path/Frameworks";
				PRODUCT_BUNDLE_IDENTIFIER = com.objectcoder.Animation;
				PRODUCT_NAME = "$(TARGET_NAME)";
				SWIFT_OBJC_BRIDGING_HEADER = Animation/UIDynamicAnimatorBridgingHeader.h;
			};
			name = Debug;
		};
		20CDBF681C609510003DC102 /* Release */ = {
			isa = XCBuildConfiguration;
			buildSettings = {
				ASSETCATALOG_COMPILER_APPICON_NAME = AppIcon;
				INFOPLIST_FILE = Animation/Info.plist;
				LD_RUNPATH_SEARCH_PATHS = "$(inherited) @executable_path/Frameworks";
				PRODUCT_BUNDLE_IDENTIFIER = com.objectcoder.Animation;
				PRODUCT_NAME = "$(TARGET_NAME)";
				SWIFT_OBJC_BRIDGING_HEADER = Animation/UIDynamicAnimatorBridgingHeader.h;
			};
			name = Release;
		};
/* End XCBuildConfiguration section */

/* Begin XCConfigurationList section */
		20CDBF4F1C609510003DC102 /* Build configuration list for PBXProject "Animation" */ = {
			isa = XCConfigurationList;
			buildConfigurations = (
				20CDBF641C609510003DC102 /* Debug */,
				20CDBF651C609510003DC102 /* Release */,
			);
			defaultConfigurationIsVisible = 0;
			defaultConfigurationName = Release;
		};
		20CDBF661C609510003DC102 /* Build configuration list for PBXNativeTarget "Animation" */ = {
			isa = XCConfigurationList;
			buildConfigurations = (
				20CDBF671C609510003DC102 /* Debug */,
				20CDBF681C609510003DC102 /* Release */,
			);
			defaultConfigurationIsVisible = 0;
			defaultConfigurationName = Release;
		};
/* End XCConfigurationList section */
	};
	rootObject = 20CDBF4C1C609510003DC102 /* Project object */;
}
